
Microsoft Visual Studio Solution File, Format Version 12.00
# Visual Studio Version 17
VisualStudioVersion = 17.11.35327.3
MinimumVisualStudioVersion = 10.0.40219.1
Project("{9A19103F-16F7-4668-BE54-9A1E7A4F7556}") = "UniqloMVC", "UniqloMVC\UniqloMVC.csproj", "{DBF6FE96-E425-4768-A193-671BDD07FBBD}"
EndProject
Global
	GlobalSection(SolutionConfigurationPlatforms) = preSolution
		Debug|Any CPU = Debug|Any CPU
		Release|Any CPU = Release|Any CPU
	EndGlobalSection
	GlobalSection(ProjectConfigurationPlatforms) = postSolution
		{DBF6FE96-E425-4768-A193-671BDD07FBBD}.Debug|Any CPU.ActiveCfg = Debug|Any CPU
		{DBF6FE96-E425-4768-A193-671BDD07FBBD}.Debug|Any CPU.Build.0 = Debug|Any CPU
		{DBF6FE96-E425-4768-A193-671BDD07FBBD}.Release|Any CPU.ActiveCfg = Release|Any CPU
		{DBF6FE96-E425-4768-A193-671BDD07FBBD}.Release|Any CPU.Build.0 = Release|Any CPU
	EndGlobalSection
	GlobalSection(SolutionProperties) = preSolution
		HideSolutionNode = FALSE
	EndGlobalSection
	GlobalSection(ExtensibilityGlobals) = postSolution
		SolutionGuid = {05CFFBF0-61F8-4E81-B94A-6102438317DF}
	EndGlobalSection
EndGlobal
